{
  "name": "postgres",
  "version": "3.3.2",
  "lockfileVersion": 2,
  "requires": true,
  "packages": {
    "": {
      "name": "postgres",
      "version": "3.3.2",
      "license": "Unlicense",
      "funding": {
        "type": "individual",
        "url": "https://github.com/sponsors/porsager"
      }
    }
  }
}
